# THIS IS AN AUTOGENERATED FILE. DO NOT EDIT THIS FILE DIRECTLY.
assets/(back)v4.globo.filter.css:
  development: 2018-09-08T04:01:09-07:00   4b6f29e4836f38738a8900f1d2d1e1d2
assets/.dat.nosync0161.9Zwzah:
  development: 2018-09-01T06:54:52-07:00
assets/.dat.nosync0f2d.qpWPSQ:
  development: 2018-08-14T16:05:38-07:00
assets/Gotham-Black.svg:
  development: 2018-08-12T13:28:38-07:00   45e9ddfbe889bb04897281b45270f0fb
assets/Gotham-Black.ttf:
  development: 2018-08-12T13:28:38-07:00   b71f054f19088900a072dd620d24a081
assets/Gotham-Black.woff:
  development: 2018-08-12T13:28:38-07:00   e14f6a72eade45e363acffe9a6bc5310
assets/Gotham-Black.woff2:
  development: 2018-08-12T13:28:39-07:00   d3965d979943c1e14e8f7226ce59b32d
assets/Gotham-Bold.svg:
  development: 2018-08-12T13:28:40-07:00   db00e454abd931ac9bb724646b794916
assets/Gotham-Bold.ttf:
  development: 2018-08-12T13:28:40-07:00   6466f476489b96495a88c4f5c8d2b66b
assets/Gotham-Bold.woff:
  development: 2018-08-12T13:28:40-07:00   c07e4ea21543bc0f3053472bdaeff661
assets/Gotham-Bold.woff2:
  development: 2018-08-12T13:28:40-07:00   bdd88c5d5a2d429911bcf290eecd7a8d
assets/Gotham-Light.svg:
  development: 2018-08-12T13:28:40-07:00   b30331478e4e34c4bb716f718770d877
assets/Gotham-Light.ttf:
  development: 2018-08-12T13:28:41-07:00   52528c92c57b286c152f9b33d9d165c9
assets/Gotham-Light.woff:
  development: 2018-08-12T13:28:41-07:00   1fd6816c9df5aa8e5c61c3c0b95a17ae
assets/Gotham-Light.woff2:
  development: 2018-08-12T13:28:41-07:00   4e99efd8ebeb57be7efd32f15caa781c
assets/Gotham-Medium.svg:
  development: 2018-08-12T13:28:43-07:00   cb3b91b89d5eddf25f0c5c1e25f7b58d
assets/Gotham-Medium.ttf:
  development: 2018-08-12T13:28:42-07:00   d92574b39ec6669ade66df34a467571e
assets/Gotham-Medium.woff:
  development: 2018-08-12T13:28:43-07:00   a5d4bc80158080e95604c3907bd999b4
assets/Gotham-Medium.woff2:
  development: 2018-08-12T13:28:43-07:00   98c79aba43b65bc7294ee3d01df318cc
assets/PlayfairDisplay-Black.svg:
  development: 2018-08-12T13:28:48-07:00   6d9215c7f4b06c26fc7f5c21226861a1
assets/PlayfairDisplay-Black.ttf:
  development: 2018-08-12T13:28:44-07:00   5a5549835df7c3ca248be27555f74de0
assets/PlayfairDisplay-Black.woff:
  development: 2018-08-12T13:28:45-07:00   f86d63abdce888fed9c1c2b3df7d5dcb
assets/PlayfairDisplay-Black.woff2:
  development: 2018-08-12T13:28:45-07:00   79de3051c760ccc3cac831e344598f73
assets/PlayfairDisplay-Bold.svg:
  development: 2018-08-12T13:28:52-07:00   4494e35a5d8a9e475dd0fc6c31038f58
assets/PlayfairDisplay-Bold.ttf:
  development: 2018-08-12T13:28:47-07:00   5824f65178c9886b7d674a9f6e0ca442
assets/PlayfairDisplay-Bold.woff:
  development: 2018-08-12T13:28:47-07:00   b5b066b5208b59419a409686fef330db
assets/PlayfairDisplay-Bold.woff2:
  development: 2018-08-12T13:28:53-07:00   8a7bbb7396a7e4262bea0cd82c1d9bc0
assets/PlayfairDisplay-Regular.svg:
  development: 2018-08-12T13:28:52-07:00   94440000c0d1b87c3bd41ab64098a997
assets/PlayfairDisplay-Regular.ttf:
  development: 2018-08-12T13:28:50-07:00   de6da5c8f9b467b8e25216e9d98a74ba
assets/PlayfairDisplay-Regular.woff:
  development: 2018-08-12T13:28:51-07:00   13370fa057fac5b99bd1e5dfe97e553e
assets/PlayfairDisplay-Regular.woff2:
  development: 2018-08-12T13:28:51-07:00   f914c825aa412d8a96b55e07fdc3f37e
assets/USD.svg:
  development: 2018-09-03T04:55:57-07:00   aefba3fef673e14305b112b0e82805fe
assets/ajax-loader.gif:
  development: 2018-08-10T10:46:47-07:00   deca8b0ecd6974227d157b6d7068995d
assets/app.min.css:
  development: 2018-10-30T12:23:34-07:00   90ef379d289b13af3603935e2c1d4ada
assets/app.min.css.map:
  development: 2018-10-30T12:23:34-07:00   7c419bea46798fc36951bd81413d5134
assets/arrow-right.png:
  development: 2018-09-06T23:52:24-07:00   f571ff3d24358714509bcaed7da81366
assets/bold-currency-bootstrap.js:
  development: 2018-09-03T13:25:07-07:00   0a2d0fa7c4c1d2e3e8bb89ba9961b8cd
assets/bold-currency-picker.css:
  development: 2018-09-15T07:39:28-07:00   ffba139eb72971a496dd73a3b3b1665a
assets/bold-currency-picker.debut.css:
  development: 2018-09-03T13:25:12-07:00   c7b5d04cc01b2a4362b56cb20b327a86
assets/down-arrow.svg:
  development: 2018-09-04T05:30:51-07:00   d51c4cbdf58ed633c094cc393e644e66
assets/flags.min.css:
  development: 2018-09-03T13:25:06-07:00   9a85197fb9790ae9c2ae02180b18d26c
assets/gift-card.js:
  development: 2018-08-10T10:46:47-07:00   5f64ba6cb76fbcd82773489d51785bf1
assets/gift-card.scss.liquid:
  development: 2018-08-10T10:46:47-07:00   947a46a2a4262d5fd5d41bcb0a05b733
assets/globofilter.init.js:
  development: 2018-08-12T00:02:10-07:00   f4e197de10cd78f5caf034da226a5ce1
assets/ico-select.svg.liquid:
  development: 2018-08-10T10:46:48-07:00   8353ec2fa4634bc8e95613a939e60a15
assets/jquery.currencies.min.js:
  development: 2018-09-03T03:43:22-07:00   725a065f23a4a892fa5722bec6477512
assets/lazysizes.js:
  development: 2018-08-10T10:46:48-07:00   a27b15d827d7a26f9fa58fb6b4f9d4b6
assets/lookthepart.png:
  development: 2018-09-15T09:46:18-07:00   2316a87690f765b571339f3bfebb5e5b
assets/match-media.min.js:
  development: 2018-08-10T10:46:48-07:00   d0bf06c458a236dcca39b3be8cf80ec5
assets/minus.png:
  development: 2018-09-01T06:54:53-07:00   26262ea7582e9fd0392a4b063652a3d2
assets/moneyreport-gray.svg:
  development: 2018-08-14T16:06:25-07:00   dff45014acd5913bda6aba75dbf17de9
assets/moneyreport.svg:
  development: 2018-08-10T13:25:13-07:00   e053296ef2102cc474415733c15776ef
assets/more-then-just-a-shoe.png:
  development: 2018-09-15T09:36:04-07:00   07f8b04c0cd3340bb8e0318b56c1bb0c
assets/password.js:
  development: 2018-08-10T10:46:49-07:00   e46783cdfaabc1b669e6aec104bf120e
assets/pattren.png:
  development: 2018-08-10T13:25:13-07:00   e8cda0336c3d6fbd5ef82ad5762dfa07
assets/planet-gray.svg:
  development: 2018-08-14T16:05:37-07:00   41575573999680abe50fd16d4d8e383e
assets/planet2.svg:
  development: 2018-10-21T13:57:59-07:00   cd1007fb4a7b4fb397b12b40064fe332
assets/planet3.svg:
  development: 2018-10-21T13:58:31-07:00   cd1007fb4a7b4fb397b12b40064fe332
assets/plus-black.svg:
  development: 2018-09-20T09:23:07-07:00   1b0dddf56fdd0470e60890499e605489
assets/plus-white.svg:
  development: 2018-09-20T09:23:17-07:00   f5f44a29fe66ceb80e9ec5720a97b130
assets/plus.png:
  development: 2018-09-01T06:54:34-07:00   32ce6e71dc3af72c88e0c84f4584e135
assets/recycle-gray.svg:
  development: 2018-08-14T16:05:56-07:00   329944c53ad0a82c1316dd4e4210873f
assets/restoreable.svg:
  development: 2018-08-10T13:25:13-07:00   91f771d40a7f149ffb84fd468f8c5b9d
assets/shipping.svg:
  development: 2018-08-14T16:05:18-07:00   e6465a189098b328bb4a16a47bc076f5
assets/slick.js:
  development: 2018-08-17T00:30:36-07:00   8ff29a8f284e9c36f0fda0d53a818a06
assets/theme.js:
  development: 2018-10-20T10:32:46-07:00   36c10f3b22181a4ee4f29d13c576c210
assets/theme.scss.liquid:
  development: 2018-10-23T01:57:00-07:00   10a78b1801d03d2c5665e88f693e0505
assets/up-arrow.svg:
  development: 2018-09-04T05:31:59-07:00   bff49638bbcb0d2fab698049dcc4cfc3
assets/v3.globo.filter.lib.js:
  development: 2018-08-12T00:02:09-07:00   14638ae2b65f7d8906ec3f24b9868fb0
assets/v4.globo.filter.css:
  development: 2018-09-18T10:50:47-07:00   1d93e0d921dff22b90aa08729daea7d8
assets/v4.globo.filter.lib.js:
  development: 2018-09-26T11:46:42-07:00   cec6f8741fe695f7179262a5230e646d
assets/vendor.js:
  development: 2018-08-10T10:46:49-07:00   465fb5b94497c1cdcd55ba6cb04ffeb2
config/settings_schema.json:
  development: 2018-09-03T03:41:01-07:00   206b0fcbc705488ba7451826468e96db
layout/gift_card.liquid:
  development: 2018-09-20T18:09:58-07:00   43159806ce4c63cfeece3458d56c05c8
layout/password.liquid:
  development: 2018-09-20T18:10:00-07:00   69ef2eace296bd8253c191ea4b53e8f1
layout/theme.liquid:
  development: 2018-10-24T14:07:05-07:00   bf29011f678f7e18d2d2ce1b72fda782
layout/theme.shogun.landing.liquid:
  development: 2018-10-22T18:28:57-07:00   022c2b39f1b260bd9d4d1b45812099ad
locales/de.json:
  development: 2018-08-10T10:46:49-07:00   cf58112803d34d17fd1903fcd2cb780e
locales/en.default.json:
  development: 2018-10-05T23:11:02-07:00   7729717d2f4efa876896b2335fbb4a53
locales/es.json:
  development: 2018-08-10T10:46:49-07:00   24414dcaaca3e76f65012e467cb367b2
locales/fr.json:
  development: 2018-08-10T10:46:49-07:00   16e68387507c9643f7f8f306322d585b
locales/it.json:
  development: 2018-08-10T10:46:49-07:00   83df5b54e4a2a8b5ca24958388b7f439
locales/ja.json:
  development: 2018-08-10T10:46:49-07:00   c20ea6b193f59001dc8525eb29cb36ae
locales/pt-BR.json:
  development: 2018-08-10T10:46:49-07:00   f9f11bb2f0de7242534872fb3150b93f
locales/pt-PT.json:
  development: 2018-08-10T10:46:50-07:00   1f69b7055af25824d9fecfd79e65bba3
sections/article-template.liquid:
  development: 2018-10-13T08:56:40-07:00   501d17eabb84fd95a3fe0ea1c6f99d42
sections/blog-template.liquid:
  development: 2018-09-10T11:37:49-07:00   86a4051925aefd31a0be13282b61c932
sections/cart-template.liquid:
  development: 2018-10-20T11:05:57-07:00   d9603cd807aa8786ab56a364b82301df
sections/collection-list.liquid:
  development: 2018-08-10T10:46:46-07:00   7b7908aa43104e2210d1f69c8df6ab8e
sections/collection-template-no-filter.liquid:
  development: 2018-10-23T01:52:45-07:00   08caca2b56411ebfdd5e37b0e52ccad1
sections/collection-template.liquid:
  development: 2018-09-15T03:13:26-07:00   4ba4c870f17abd9ad83fd5139c271323
sections/collection-template_globofilterbackup.liquid:
  development: 2018-09-16T11:01:21-07:00   08caca2b56411ebfdd5e37b0e52ccad1
sections/collection.liquid:
  development: 2018-09-20T16:47:37-07:00   ee7000a7b037242b9dd248f775f6b196
sections/collection_globofilterbackup.liquid:
  development: 2018-08-26T11:11:41-07:00   32c2190bc055de74c773f4c927aff468
sections/custom-content.liquid:
  development: 2018-09-07T12:22:03-07:00   264d0a8bb8ccfe28dc8b20314c06c5d5
sections/feature-columns.liquid:
  development: 2018-08-10T10:46:46-07:00   bd23b57743edac459bb4b6ab58566c72
sections/feature-row.liquid:
  development: 2018-08-10T10:46:46-07:00   94f5de44af22db50bfcd52de7cd5a529
sections/featured-blog.liquid:
  development: 2018-08-10T10:46:46-07:00   a95007060e3068d7af3a6b9bc5482cd0
sections/featured-product.liquid:
  development: 2018-10-25T11:15:33-07:00   16b230047e961aea818121b3d01b9c33
sections/footer.liquid:
  development: 2018-10-29T06:32:13-07:00   73476d36750ddc884b410a1eb0e82251
sections/header.liquid:
  development: 2018-10-13T07:43:58-07:00   61b0c95e67d537d5e5b52debdb7dc34c
sections/hero.liquid:
  development: 2018-08-10T12:56:11-07:00   8286750edd20d81fa077bc05804a2535
sections/image-bar.liquid:
  development: 2018-08-10T10:46:46-07:00   231aa262f85fa67cec101b543ddadc3a
sections/list-collections-template.liquid:
  development: 2018-08-10T10:46:46-07:00   44006fed042fdd3cdd8366f061ddbea4
sections/logo-bar.liquid:
  development: 2018-08-10T10:46:46-07:00   e8a346b6c6e2f9a0da79283751746df7
sections/map.liquid:
  development: 2018-08-10T10:46:46-07:00   a1813e9201fe1cfa8f59f1df9ba25b0c
sections/newsletter.liquid:
  development: 2018-08-10T10:46:47-07:00   0a3c601fb494f088c046b4b442a46858
sections/password-content.liquid:
  development: 2018-08-10T10:46:47-07:00   edf8cc9c082ffe7323ae2e1f932b8688
sections/password-footer.liquid:
  development: 2018-08-10T10:46:47-07:00   6d12ad6a6bc28197a0dc4fad04a3526f
sections/password-header.liquid:
  development: 2018-08-10T10:46:47-07:00   3790142b8209460c7379b5635545e1ca
sections/product-pre-order-template.liquid:
  development: 2018-08-15T14:04:20-07:00   e87a2673134bd46928775db9036dfab3
sections/product-template-backup-easyslide.liquid:
  development: 2018-09-12T06:41:11-07:00   77a0ad1838af74fdc2a4f72bc745ac04
sections/product-template.liquid:
  development: 2018-10-25T11:38:05-07:00   d4ba2d29f0bca718b3fd095d0290d0d5
sections/quotes.liquid:
  development: 2018-08-10T10:46:47-07:00   4d477a14bc6c3fca01e8cbd4405fa074
sections/rich-text.liquid:
  development: 2018-08-10T10:46:47-07:00   6a81c1f71adffe8d9c0b28e9ed023b4c
sections/slideshow.liquid:
  development: 2018-08-10T10:46:47-07:00   b712ff72cb7470718c0f7aa03f33a401
snippets/FAQs.liquid:
  development: 2018-09-08T13:14:06-07:00   ddbcb4927510dbea3a18961a72f0403b
snippets/ajaxify-cart.liquid:
  development: 2018-10-04T07:51:07-07:00   168e41e8deb82194f3afdc1947372c0a
snippets/bgset.liquid:
  development: 2018-08-10T10:46:50-07:00   85889bbc39b57621f32fad66317366fc
snippets/bold-common.liquid:
  development: 2018-09-03T13:25:11-07:00   b4a4c5ff8484c578cd9c5e3b48cbe5ee
snippets/bold-currency-converter.liquid:
  development: 2018-09-03T13:25:07-07:00   361484f22da8219b366bc6007550a631
snippets/bold-currency-picker-mount.liquid:
  development: 2018-09-03T13:25:07-07:00   3f53a4e0f41d66e5bcce3832408eb84c
snippets/bold-currency-templates.liquid:
  development: 2018-09-15T07:37:33-07:00   3d2dbd87f695c4f0f6711e5dc27cd824
snippets/bold-product.liquid:
  development: 2018-09-03T13:25:11-07:00   05207aa09579b03e8e24a09182d83ddd
snippets/bold-variant.liquid:
  development: 2018-09-03T13:25:11-07:00   69753ae27530f29318c4ece293b36599
snippets/breadcrumbs.liquid:
  development: 2018-09-20T17:27:11-07:00   8e00ce2802d502c9634c7b9ab74a9c7b
snippets/collection-grid-item.liquid:
  development: 2018-08-10T10:46:50-07:00   a8289cb017c432e34d985124fbbcc6bb
snippets/comment.liquid:
  development: 2018-08-10T10:46:50-07:00   50406c82467014e1bbe15a62685b2536
snippets/currencies-switcher.liquid:
  development: 2018-09-03T04:48:06-07:00   7da2c4f29c03b940224e8fa4e3797c4d
snippets/currencies.liquid:
  development: 2018-09-03T13:28:00-07:00   7fd9dfba08eebc8b442eaccd95bcf911
snippets/currency-picker.liquid:
  development: 2018-09-03T03:46:51-07:00   e2b50edec1a9f6295e30c7b8d9f2a43a
snippets/deliveryReturns.liquid:
  development: 2018-10-06T08:00:14-07:00   a8e6a54ad3cce6a4be7385eeff4047f1
snippets/form-status.liquid:
  development: 2018-08-10T10:46:50-07:00   0aec3ee73be627856fe30ec26e98d164
snippets/globo.filter.script.liquid:
  development: 2018-09-05T11:04:55-07:00   846548b56521784faf39d43b96cdc824
snippets/globo.filter.swatch.liquid:
  development: 2018-08-12T00:02:13-07:00   e36b3af857e90a22a8e38bc3be3772b7
snippets/globo.filter.template.liquid:
  development: 2018-10-20T07:14:06-07:00   39d9e4dc92c012486f0cc501be25e7dd
snippets/globofilter-product-grid.liquid:
  development: 2018-09-05T12:19:51-07:00   0b04d4d8e4a4a96e92873513acc20838
snippets/globofilter_sort.liquid:
  development: 2018-09-05T11:04:58-07:00   1e96b98e6708da594c9813c9a571fbcd
snippets/icon-arrow-left.liquid:
  development: 2018-08-10T10:46:50-07:00   5abf8c4c69967103f685014dcc88a6e7
snippets/icon-arrow-right.liquid:
  development: 2018-08-10T10:46:50-07:00   45f24673c43655e9275d1ba99d814374
snippets/icon-cart.liquid:
  development: 2018-08-11T13:38:11-07:00   2a85c007ec7f1f4b9220aa56a725fc57
snippets/icon-chevron-down.liquid:
  development: 2018-08-10T10:46:50-07:00   7d3a8cd08370aa9d2a88ae542446a181
snippets/icon-chevron-left.liquid:
  development: 2018-08-10T10:46:50-07:00   6290d56c32e8ac47abe4a4f4d90ed032
snippets/icon-chevron-right.liquid:
  development: 2018-08-10T10:46:50-07:00   41842e53e7b826a0d260e2ccffbfdab1
snippets/icon-chevron-up.liquid:
  development: 2018-08-10T10:46:50-07:00   4df1e02c8789418fc53d48e2913daf49
snippets/icon-close.liquid:
  development: 2018-08-10T10:46:50-07:00   a04fce17a63e760b9bce76768ee29feb
snippets/icon-error.liquid:
  development: 2018-08-10T10:46:50-07:00   8aec7da89e6231ef18c7bdfba402ac54
snippets/icon-facebook.liquid:
  development: 2018-08-10T10:46:50-07:00   334588042b292f2d7335fd2791c35eca
snippets/icon-hamburger.liquid:
  development: 2018-08-10T10:46:50-07:00   559577e06ff14924311cfe2642e8b765
snippets/icon-instagram.liquid:
  development: 2018-08-10T10:46:50-07:00   bf50214819f6e2a5f053593e2414526d
snippets/icon-laser.liquid:
  development: 2018-08-10T10:46:50-07:00   bd1a0ecfe958b6a6e84bf80e0669a6da
snippets/icon-lock.liquid:
  development: 2018-08-10T10:46:50-07:00   60ae7ba03d14efa582faed8855821a58
snippets/icon-login.liquid:
  development: 2018-08-11T02:25:53-07:00   5784ab4abbd22f4ca0418c15978a07c7
snippets/icon-minus.liquid:
  development: 2018-08-10T10:46:51-07:00   78c513424d498299e865f8a242823ad0
snippets/icon-pause.liquid:
  development: 2018-08-10T10:46:51-07:00   99e785a63af3ab0a7ccd9c5551ea8910
snippets/icon-pin.liquid:
  development: 2018-08-10T10:46:51-07:00   694162388571d6142ec30bc299d8ac91
snippets/icon-pinterest.liquid:
  development: 2018-08-10T10:46:51-07:00   701f2a785b3fa83d63e3ab54af060031
snippets/icon-play-video.liquid:
  development: 2018-08-10T10:46:51-07:00   f0b736a271f33b83b319b2d04e61aa2b
snippets/icon-play.liquid:
  development: 2018-08-10T10:46:51-07:00   31ff2901a9fd0f32ebc4c05748e7aa5d
snippets/icon-plus.liquid:
  development: 2018-08-10T10:46:51-07:00   ba5297f64eb7ea97f1785e8166e11231
snippets/icon-quote.liquid:
  development: 2018-08-10T10:46:51-07:00   e710949f7a142dfc3c4fac15c33bb2fa
snippets/icon-rss.liquid:
  development: 2018-08-10T10:46:51-07:00   6493d6bcb850513a55823d4ff62b0f8b
snippets/icon-sad.liquid:
  development: 2018-08-16T13:33:07-07:00   942a0e0cd0cd28f0b7b8d8a0fb037f41
snippets/icon-search.liquid:
  development: 2018-09-08T02:22:59-07:00   f7156e92b44eade8278d6f75efb23c28
snippets/icon-shopify-logo.liquid:
  development: 2018-08-10T10:46:51-07:00   3f0b70f9e01be5b25507d25a732ecde7
snippets/icon-smile.liquid:
  development: 2018-08-16T13:18:21-07:00   8c46020777deddb4917a98bb213edf57
snippets/icon-snapchat.liquid:
  development: 2018-08-10T10:46:51-07:00   9ed6937e3232c9034976be2b8ed9f673
snippets/icon-tumblr.liquid:
  development: 2018-08-10T10:46:51-07:00   d71a4ada77a8a9b6bd792bdafef393de
snippets/icon-twitter.liquid:
  development: 2018-08-10T10:46:51-07:00   24047c22697a23a0baabf2804adc6c11
snippets/icon-vimeo.liquid:
  development: 2018-08-10T10:46:51-07:00   a229ed8a1a81e6ef95ad621f8a34efb6
snippets/icon-youtube.liquid:
  development: 2018-08-10T10:46:51-07:00   9d72c5bc3eaa14a3e7aefd921881b1ae
snippets/image-style.liquid:
  development: 2018-08-10T10:46:51-07:00   2d807ad1f4831d306d8e190b89d45c00
snippets/mini-cart.liquid:
  development: 2018-09-16T10:10:56-07:00   abad7dc582ee1d0f23d1e0633f75f55e
snippets/no-blocks.liquid:
  development: 2018-08-10T10:46:51-07:00   0cb7d758b6df0feb07ae5804b4b627fa
snippets/pagination.liquid:
  development: 2018-08-10T10:46:51-07:00   6084e49e69e5a13931c302a334be9069
snippets/product-card-grid.liquid:
  development: 2018-10-13T06:51:20-07:00   e479ef3d41bd01724461f31059fb3f7e
snippets/product-card-list.liquid:
  development: 2018-09-16T11:28:58-07:00   dc6b505918cd6c19431508970f7c0038
snippets/product-description-slider-page.liquid:
  development: 2018-09-15T05:32:52-07:00   6e2224656cab6f79d5258d08bca3ffea
snippets/product-description-slider.liquid:
  development: 2018-09-15T05:32:41-07:00   263bb3e6d793f87aff0679a61ba6230c
snippets/product-price.liquid:
  development: 2018-08-11T09:55:45-07:00   fdc82d7f19a9540745d232ee57500eeb
snippets/search-form.liquid:
  development: 2018-08-10T10:46:51-07:00   ba3418a1b448bff826b65e251840e1a4
snippets/shoeCare.liquid:
  development: 2018-09-08T12:40:52-07:00   9e5a885dd4e8546e9ffcab318e168ddf
snippets/shogun-head.liquid:
  development: 2018-09-20T18:09:57-07:00   00e519ff402c684bbe3638af1a59e727
snippets/shogun-products.liquid:
  development: 2018-09-20T18:09:35-07:00   bb64f22e6938e4dd73ae53783f2a64d1
snippets/site-nav.liquid:
  development: 2018-09-15T03:08:44-07:00   921e0cbea6ec335eefa1761f822ace63
snippets/social-meta-tags.liquid:
  development: 2018-08-10T10:46:52-07:00   ae9e213401623b2601abf0ace8e21537
snippets/social-sharing.liquid:
  development: 2018-08-15T01:59:52-07:00   1c4b9897cb34e27f8c2667945041712c
snippets/template_snippet.liquid:
  development: 2018-09-09T06:12:44-07:00   b285fefa57886e5d992ef154e88fc1ca
snippets/usps.html:
  development: 2018-09-18T12:33:40-07:00   52934fe3a65f942f1d9122bf0124ff45
templates/(dp)page.FAQ_EasyAccordion.liquid:
  development: 2018-09-15T05:32:24-07:00   5c9d4bbc3952cc060326efdb4a569727
templates/404.liquid:
  development: 2018-08-10T10:46:52-07:00   805b16263cdf5c85be9c507ad6b03623
templates/article.liquid:
  development: 2018-10-07T11:05:15-07:00   83de61e55f75f05f2df4cd372ab676f5
templates/blog.liquid:
  development: 2018-08-10T10:46:52-07:00   2d9763b480fe6879080163b1e0e33e54
templates/cart.liquid:
  development: 2018-08-10T10:46:52-07:00   714b4b7c62d583b231f339bbd1b85d03
templates/collection.liquid:
  development: 2018-08-10T10:46:52-07:00   5db0256874fca1cc72a6f068888fe095
templates/collection.no-filter.liquid:
  development: 2018-10-23T01:52:59-07:00   41d7ca6d8ed1361be51477dd5ff2bf64
templates/customers/account.liquid:
  development: 2018-09-15T05:09:42-07:00   bd6934aad82b8f8db530d05a3e711aff
templates/customers/activate_account.liquid:
  development: 2018-08-10T10:46:52-07:00   a72f8d3b00650f7123113ca3eb2bb14b
templates/customers/addresses.liquid:
  development: 2018-09-15T05:10:36-07:00   e196cb5d79289bcb886b45200177bf18
templates/customers/login.liquid:
  development: 2018-10-13T12:14:33-07:00   ea182b21481177cf1abde976643502b3
templates/customers/order.liquid:
  development: 2018-09-01T08:37:42-07:00   b19c336a3b3e3e98c6b082626554e322
templates/customers/register.liquid:
  development: 2018-09-20T16:38:00-07:00   76a466932328081097bd9e9165c9431b
templates/customers/reset_password.liquid:
  development: 2018-08-10T10:46:52-07:00   b1a5600ded81661c31216b8d020eabab
templates/gift_card.liquid:
  development: 2018-08-10T10:46:52-07:00   afb0801dfa475df4c920ba82983c7650
templates/index.liquid:
  development: 2018-08-10T10:46:52-07:00   56b51b6f96394db4b17c64b43e1c0010
templates/list-collections.liquid:
  development: 2018-08-10T10:46:52-07:00   d42f6d6957169811896f646709d353d9
templates/page.FAQ_EasyAccordion.liquid:
  development: 2018-10-13T08:53:12-07:00   2d30d500f92b4ab6995d93ada1b0e13d
templates/page.contact.liquid:
  development: 2018-10-13T11:51:44-07:00   d6708a478988e05be20bcfc56b0dd062
templates/page.liquid:
  development: 2018-10-13T09:21:15-07:00   c9125fe40f05bc69ef3e20b68ec5b7a2
templates/page.shogun.default.liquid:
  development: 2018-09-20T18:09:34-07:00   dcaeef3e92b9bfcdc144baa17175f283
templates/page.shogun.landing.liquid:
  development: 2018-09-20T18:09:27-07:00   f44efeeb63b8d4740f7fe2f88a5d19eb
templates/page.testi.liquid:
  development: 2018-09-13T05:50:47-07:00   9289f925a42747a0e210b81d711e88bb
templates/page.testimonial.liquid:
  development: 2018-09-13T05:45:08-07:00   fbd39947a19cfd4b768123c89fdecf76
templates/password.liquid:
  development: 2018-08-10T10:46:52-07:00   30d1743d26765ce8c3fa53a3fdf9524f
templates/product-backup-easyslide.liquid:
  development: 2018-09-12T06:39:43-07:00   8097ca4b3e79eb006bba3c6c2b98e431
templates/product.gf_quickview.liquid:
  development: 2018-09-05T11:05:03-07:00   ab91c640657c5979a4bded661b8f8881
templates/product.liquid:
  development: 2018-10-10T14:02:35-07:00   8097ca4b3e79eb006bba3c6c2b98e431
templates/product.pre-order.liquid:
  development: 2018-08-15T13:59:57-07:00   aabb3be474cda469466cf939e9ad46e5
templates/product.shogun.custom.liquid:
  development: 2018-09-20T18:09:36-07:00   b86413170e83c14e3a6ba3638caff034
templates/search.editorder.liquid:
  development: 2018-09-24T08:43:57-07:00   e2292039a60fd8392b9bbaafc08ee2d7
templates/search.liquid:
  development: 2018-10-07T11:08:12-07:00   ee6407424441e6cc599e8cebf74c9396
